
Microsoft Visual Studio Solution File, Format Version 12.00
# Visual Studio Version 17
VisualStudioVersion = 17.3.32825.248
MinimumVisualStudioVersion = 10.0.40219.1
Project("{FAE04EC0-301F-11D3-BF4B-00C04F79EFBC}") = "MS.Dominio.Rapipago", "MS.Dominio.Rapipago\MS.Dominio.Rapipago.csproj", "{F5D75E71-229B-44D2-8695-0DA65676BADD}"
EndProject
Project("{FAE04EC0-301F-11D3-BF4B-00C04F79EFBC}") = "MS.Aplicaciones.Rapipago", "MS.Aplicaciones.Rapipago\MS.Aplicaciones.Rapipago.csproj", "{C404FE3E-EBE0-4C3A-988A-2725BAF34E59}"
EndProject
Project("{FAE04EC0-301F-11D3-BF4B-00C04F79EFBC}") = "MS.Infraestructura.Rapipago", "MS.Infraestructura.Rapipago\MS.Infraestructura.Rapipago.csproj", "{C0A0B507-0517-4D85-B81C-5103D022E2B4}"
EndProject
Project("{FAE04EC0-301F-11D3-BF4B-00C04F79EFBC}") = "MS.GestorApi.Rapipago", "MS.GestorApi.Rapipago\MS.GestorApi.Rapipago.csproj", "{9B61DDF5-39CC-476B-B7FB-878ABD3874D3}"
EndProject
Global
	GlobalSection(SolutionConfigurationPlatforms) = preSolution
		Debug|Any CPU = Debug|Any CPU
		Release|Any CPU = Release|Any CPU
	EndGlobalSection
	GlobalSection(ProjectConfigurationPlatforms) = postSolution
		{F5D75E71-229B-44D2-8695-0DA65676BADD}.Debug|Any CPU.ActiveCfg = Debug|Any CPU
		{F5D75E71-229B-44D2-8695-0DA65676BADD}.Debug|Any CPU.Build.0 = Debug|Any CPU
		{F5D75E71-229B-44D2-8695-0DA65676BADD}.Release|Any CPU.ActiveCfg = Release|Any CPU
		{F5D75E71-229B-44D2-8695-0DA65676BADD}.Release|Any CPU.Build.0 = Release|Any CPU
		{C404FE3E-EBE0-4C3A-988A-2725BAF34E59}.Debug|Any CPU.ActiveCfg = Debug|Any CPU
		{C404FE3E-EBE0-4C3A-988A-2725BAF34E59}.Debug|Any CPU.Build.0 = Debug|Any CPU
		{C404FE3E-EBE0-4C3A-988A-2725BAF34E59}.Release|Any CPU.ActiveCfg = Release|Any CPU
		{C404FE3E-EBE0-4C3A-988A-2725BAF34E59}.Release|Any CPU.Build.0 = Release|Any CPU
		{C0A0B507-0517-4D85-B81C-5103D022E2B4}.Debug|Any CPU.ActiveCfg = Debug|Any CPU
		{C0A0B507-0517-4D85-B81C-5103D022E2B4}.Debug|Any CPU.Build.0 = Debug|Any CPU
		{C0A0B507-0517-4D85-B81C-5103D022E2B4}.Release|Any CPU.ActiveCfg = Release|Any CPU
		{C0A0B507-0517-4D85-B81C-5103D022E2B4}.Release|Any CPU.Build.0 = Release|Any CPU
		{9B61DDF5-39CC-476B-B7FB-878ABD3874D3}.Debug|Any CPU.ActiveCfg = Debug|Any CPU
		{9B61DDF5-39CC-476B-B7FB-878ABD3874D3}.Debug|Any CPU.Build.0 = Debug|Any CPU
		{9B61DDF5-39CC-476B-B7FB-878ABD3874D3}.Release|Any CPU.ActiveCfg = Release|Any CPU
		{9B61DDF5-39CC-476B-B7FB-878ABD3874D3}.Release|Any CPU.Build.0 = Release|Any CPU
	EndGlobalSection
	GlobalSection(SolutionProperties) = preSolution
		HideSolutionNode = FALSE
	EndGlobalSection
	GlobalSection(ExtensibilityGlobals) = postSolution
		SolutionGuid = {D7DA58FB-F1BC-4141-8E6D-AEE948BF1924}
	EndGlobalSection
EndGlobal
